
Microsoft Visual Studio Solution File, Format Version 12.00
# Visual Studio Version 16
VisualStudioVersion = 16.0.29609.76
MinimumVisualStudioVersion = 10.0.40219.1
Project("{FAE04EC0-301F-11D3-BF4B-00C04F79EFBC}") = "MVCApp", "MVCApp\MVCApp.csproj", "{357DC671-A282-4F39-94BF-1061DC18B876}"
EndProject
Project("{FAE04EC0-301F-11D3-BF4B-00C04F79EFBC}") = "DataLibrary", "DataLibrary\DataLibrary.csproj", "{A3531BD5-7001-4AC0-9B59-D4892D1EB9B2}"
EndProject
Project("{00D1A9C2-B5F0-4AF3-8072-F6C62B433612}") = "MVCDemoDB", "MVCDemoDB\MVCDemoDB.sqlproj", "{F32CB3D5-D2F2-4151-97A0-B4BB1BB3AE4A}"
EndProject
Global
	GlobalSection(SolutionConfigurationPlatforms) = preSolution
		Debug|Any CPU = Debug|Any CPU
		Release|Any CPU = Release|Any CPU
	EndGlobalSection
	GlobalSection(ProjectConfigurationPlatforms) = postSolution
		{357DC671-A282-4F39-94BF-1061DC18B876}.Debug|Any CPU.ActiveCfg = Debug|Any CPU
		{357DC671-A282-4F39-94BF-1061DC18B876}.Debug|Any CPU.Build.0 = Debug|Any CPU
		{357DC671-A282-4F39-94BF-1061DC18B876}.Release|Any CPU.ActiveCfg = Release|Any CPU
		{357DC671-A282-4F39-94BF-1061DC18B876}.Release|Any CPU.Build.0 = Release|Any CPU
		{A3531BD5-7001-4AC0-9B59-D4892D1EB9B2}.Debug|Any CPU.ActiveCfg = Debug|Any CPU
		{A3531BD5-7001-4AC0-9B59-D4892D1EB9B2}.Debug|Any CPU.Build.0 = Debug|Any CPU
		{A3531BD5-7001-4AC0-9B59-D4892D1EB9B2}.Release|Any CPU.ActiveCfg = Release|Any CPU
		{A3531BD5-7001-4AC0-9B59-D4892D1EB9B2}.Release|Any CPU.Build.0 = Release|Any CPU
		{F32CB3D5-D2F2-4151-97A0-B4BB1BB3AE4A}.Debug|Any CPU.ActiveCfg = Debug|Any CPU
		{F32CB3D5-D2F2-4151-97A0-B4BB1BB3AE4A}.Debug|Any CPU.Build.0 = Debug|Any CPU
		{F32CB3D5-D2F2-4151-97A0-B4BB1BB3AE4A}.Debug|Any CPU.Deploy.0 = Debug|Any CPU
		{F32CB3D5-D2F2-4151-97A0-B4BB1BB3AE4A}.Release|Any CPU.ActiveCfg = Release|Any CPU
		{F32CB3D5-D2F2-4151-97A0-B4BB1BB3AE4A}.Release|Any CPU.Build.0 = Release|Any CPU
		{F32CB3D5-D2F2-4151-97A0-B4BB1BB3AE4A}.Release|Any CPU.Deploy.0 = Release|Any CPU
	EndGlobalSection
	GlobalSection(SolutionProperties) = preSolution
		HideSolutionNode = FALSE
	EndGlobalSection
	GlobalSection(ExtensibilityGlobals) = postSolution
		SolutionGuid = {009E6757-CDF9-4957-92C7-22EF7B31A763}
	EndGlobalSection
EndGlobal
